
Microsoft Visual Studio Solution File, Format Version 12.00
# Visual Studio Version 16
VisualStudioVersion = 16.0.30104.148
MinimumVisualStudioVersion = 10.0.40219.1
Project("{8BC9CEB8-8B4A-11D0-8D11-00A0C91BC942}") = "Sandbox", "Sandbox\Sandbox.vcxproj", "{078DEF4C-EF10-460F-AA58-3A8FE50049D1}"
EndProject
Project("{8BC9CEB8-8B4A-11D0-8D11-00A0C91BC942}") = "Korolis", "Korolis\Korolis.vcxproj", "{363B37AA-600B-4F33-85A5-77E25CD6416C}"
EndProject
Global
	GlobalSection(SolutionConfigurationPlatforms) = preSolution
		Debug|x64 = Debug|x64
		Release|x64 = Release|x64
	EndGlobalSection
	GlobalSection(ProjectConfigurationPlatforms) = postSolution
		{363B37AA-600B-4F33-85A5-77E25CD6416C}.Debug|x64.ActiveCfg = Debug|x64
		{363B37AA-600B-4F33-85A5-77E25CD6416C}.Debug|x64.Build.0 = Debug|x64
		{363B37AA-600B-4F33-85A5-77E25CD6416C}.Release|x64.ActiveCfg = Release|x64
		{363B37AA-600B-4F33-85A5-77E25CD6416C}.Release|x64.Build.0 = Release|x64
		{078DEF4C-EF10-460F-AA58-3A8FE50049D1}.Debug|x64.ActiveCfg = Debug|x64
		{078DEF4C-EF10-460F-AA58-3A8FE50049D1}.Debug|x64.Build.0 = Debug|x64
		{078DEF4C-EF10-460F-AA58-3A8FE50049D1}.Release|x64.ActiveCfg = Release|x64
		{078DEF4C-EF10-460F-AA58-3A8FE50049D1}.Release|x64.Build.0 = Release|x64
	EndGlobalSection
	GlobalSection(SolutionProperties) = preSolution
		HideSolutionNode = FALSE
	EndGlobalSection
	GlobalSection(ExtensibilityGlobals) = postSolution
		SolutionGuid = {6FA0386D-3B42-497A-AF81-B6ADDCC94B63}
	EndGlobalSection
EndGlobal
